
Microsoft Visual Studio Solution File, Format Version 12.00
# Visual Studio Version 17
VisualStudioVersion = 17.0.31903.59
MinimumVisualStudioVersion = 10.0.40219.1
Project("{2150E333-8FDC-42A3-9474-1A3956D46DE8}") = "src", "src", "{234A3635-340F-4678-802F-5D419C3C12B1}"
EndProject
Project("{FAE04EC0-301F-11D3-BF4B-00C04F79EFBC}") = "MonitorKing.Agent", "src\MonitorKing.Agent\MonitorKing.Agent.csproj", "{F77BEAB3-D121-41D1-BD55-49228FEC4F8C}"
EndProject
Project("{FAE04EC0-301F-11D3-BF4B-00C04F79EFBC}") = "MonitorKing.Core", "src\MonitorKing.Core\MonitorKing.Core.csproj", "{70FA0A38-377E-4DCF-875F-4AAB6C5F545A}"
EndProject
Project("{FAE04EC0-301F-11D3-BF4B-00C04F79EFBC}") = "MonitorKing.Server", "src\MonitorKing.Server\MonitorKing.Server.csproj", "{215011C4-3399-45B7-B714-052F7ACA7E04}"
EndProject
Project("{FAE04EC0-301F-11D3-BF4B-00C04F79EFBC}") = "MonitorKing.Updater", "src\MonitorKing.Updater\MonitorKing.Updater.csproj", "{DA6EF455-A9DF-4B5D-A048-2AD976D087F8}"
EndProject
Project("{2150E333-8FDC-42A3-9474-1A3956D46DE8}") = "tests", "tests", "{149FD584-BA64-4809-B89E-045A41B1D571}"
EndProject
Project("{FAE04EC0-301F-11D3-BF4B-00C04F79EFBC}") = "MonitorKing.Updater.Tests", "tests\MonitorKing.Updater.Tests\MonitorKing.Updater.Tests.csproj", "{07DB0007-65FE-416C-A763-E0AE28CDD102}"
EndProject
Project("{FAE04EC0-301F-11D3-BF4B-00C04F79EFBC}") = "MonitorKing.Core.Tests", "tests\MonitorKing.Core.Tests\MonitorKing.Core.Tests.csproj", "{21F7825C-FDA5-4ECB-8A41-A6634FB2DF4A}"
EndProject
Global
	GlobalSection(SolutionConfigurationPlatforms) = preSolution
		Debug|Any CPU = Debug|Any CPU
		Release|Any CPU = Release|Any CPU
	EndGlobalSection
	GlobalSection(SolutionProperties) = preSolution
		HideSolutionNode = FALSE
	EndGlobalSection
	GlobalSection(ProjectConfigurationPlatforms) = postSolution
		{F77BEAB3-D121-41D1-BD55-49228FEC4F8C}.Debug|Any CPU.ActiveCfg = Debug|Any CPU
		{F77BEAB3-D121-41D1-BD55-49228FEC4F8C}.Debug|Any CPU.Build.0 = Debug|Any CPU
		{F77BEAB3-D121-41D1-BD55-49228FEC4F8C}.Release|Any CPU.ActiveCfg = Release|Any CPU
		{F77BEAB3-D121-41D1-BD55-49228FEC4F8C}.Release|Any CPU.Build.0 = Release|Any CPU
		{70FA0A38-377E-4DCF-875F-4AAB6C5F545A}.Debug|Any CPU.ActiveCfg = Debug|Any CPU
		{70FA0A38-377E-4DCF-875F-4AAB6C5F545A}.Debug|Any CPU.Build.0 = Debug|Any CPU
		{70FA0A38-377E-4DCF-875F-4AAB6C5F545A}.Release|Any CPU.ActiveCfg = Release|Any CPU
		{70FA0A38-377E-4DCF-875F-4AAB6C5F545A}.Release|Any CPU.Build.0 = Release|Any CPU
		{215011C4-3399-45B7-B714-052F7ACA7E04}.Debug|Any CPU.ActiveCfg = Debug|Any CPU
		{215011C4-3399-45B7-B714-052F7ACA7E04}.Debug|Any CPU.Build.0 = Debug|Any CPU
		{215011C4-3399-45B7-B714-052F7ACA7E04}.Release|Any CPU.ActiveCfg = Release|Any CPU
		{215011C4-3399-45B7-B714-052F7ACA7E04}.Release|Any CPU.Build.0 = Release|Any CPU
		{DA6EF455-A9DF-4B5D-A048-2AD976D087F8}.Debug|Any CPU.ActiveCfg = Debug|Any CPU
		{DA6EF455-A9DF-4B5D-A048-2AD976D087F8}.Debug|Any CPU.Build.0 = Debug|Any CPU
		{DA6EF455-A9DF-4B5D-A048-2AD976D087F8}.Release|Any CPU.ActiveCfg = Release|Any CPU
		{DA6EF455-A9DF-4B5D-A048-2AD976D087F8}.Release|Any CPU.Build.0 = Release|Any CPU
		{07DB0007-65FE-416C-A763-E0AE28CDD102}.Debug|Any CPU.ActiveCfg = Debug|Any CPU
		{07DB0007-65FE-416C-A763-E0AE28CDD102}.Debug|Any CPU.Build.0 = Debug|Any CPU
		{07DB0007-65FE-416C-A763-E0AE28CDD102}.Release|Any CPU.ActiveCfg = Release|Any CPU
		{07DB0007-65FE-416C-A763-E0AE28CDD102}.Release|Any CPU.Build.0 = Release|Any CPU
		{21F7825C-FDA5-4ECB-8A41-A6634FB2DF4A}.Debug|Any CPU.ActiveCfg = Debug|Any CPU
		{21F7825C-FDA5-4ECB-8A41-A6634FB2DF4A}.Debug|Any CPU.Build.0 = Debug|Any CPU
		{21F7825C-FDA5-4ECB-8A41-A6634FB2DF4A}.Release|Any CPU.ActiveCfg = Release|Any CPU
		{21F7825C-FDA5-4ECB-8A41-A6634FB2DF4A}.Release|Any CPU.Build.0 = Release|Any CPU
	EndGlobalSection
	GlobalSection(NestedProjects) = preSolution
		{F77BEAB3-D121-41D1-BD55-49228FEC4F8C} = {234A3635-340F-4678-802F-5D419C3C12B1}
		{70FA0A38-377E-4DCF-875F-4AAB6C5F545A} = {234A3635-340F-4678-802F-5D419C3C12B1}
		{215011C4-3399-45B7-B714-052F7ACA7E04} = {234A3635-340F-4678-802F-5D419C3C12B1}
		{DA6EF455-A9DF-4B5D-A048-2AD976D087F8} = {234A3635-340F-4678-802F-5D419C3C12B1}
		{07DB0007-65FE-416C-A763-E0AE28CDD102} = {149FD584-BA64-4809-B89E-045A41B1D571}
		{21F7825C-FDA5-4ECB-8A41-A6634FB2DF4A} = {149FD584-BA64-4809-B89E-045A41B1D571}
	EndGlobalSection
EndGlobal
